schema: '2.0'
stages:
  download:
    cmd: python download.py
    deps:
    - path: params.yaml
      hash: md5
      md5: 32f6fcc2e474f8e87eb02666d6270fab
      size: 268
    outs:
    - path: data
      hash: md5
      md5: e734b8bd44def239dd6aba8540cd1baa.dir
      size: 65742068
      nfiles: 4
  prepare_data:
    cmd: python prepare.py
    deps:
    - path: params.yaml
      hash: md5
      md5: 32f6fcc2e474f8e87eb02666d6270fab
      size: 268
    outs:
    - path: outputs/prepare
      hash: md5
      md5: a0600f58257a7ff619aa84020ea90dd7.dir
      size: 764
      nfiles: 4
  process_data:
    cmd: python process.py
    deps:
    - path: params.yaml
      hash: md5
      md5: 32f6fcc2e474f8e87eb02666d6270fab
      size: 268
    outs:
    - path: outputs/process
      hash: md5
      md5: 5ee0288fdf3f7f4edd0d4100b77b8f34.dir
      size: 2107
      nfiles: 4
  evaluate_data:
    cmd: python evaluate.py
    deps:
    - path: params.yaml
      hash: md5
      md5: 32f6fcc2e474f8e87eb02666d6270fab
      size: 268
    outs:
    - path: outputs/scores.json
      hash: md5
      md5: ee88b38749aa103d6f4e66528dc33154
      size: 642
